
Microsoft Visual Studio Solution File, Format Version 12.00
# Visual Studio Version 17
VisualStudioVersion = 17.7.34024.191
MinimumVisualStudioVersion = 10.0.40219.1
Project("{888888A0-9F3D-457C-B088-3A5042F75D52}") = "MOLR5", "MOLR5\MOLR5.pyproj", "{F777BC9D-E251-46F1-A13C-8FC43960DBFF}"
EndProject
Global
	GlobalSection(SolutionConfigurationPlatforms) = preSolution
		Debug|Any CPU = Debug|Any CPU
		Release|Any CPU = Release|Any CPU
	EndGlobalSection
	GlobalSection(ProjectConfigurationPlatforms) = postSolution
		{F777BC9D-E251-46F1-A13C-8FC43960DBFF}.Debug|Any CPU.ActiveCfg = Debug|Any CPU
		{F777BC9D-E251-46F1-A13C-8FC43960DBFF}.Release|Any CPU.ActiveCfg = Release|Any CPU
	EndGlobalSection
	GlobalSection(SolutionProperties) = preSolution
		HideSolutionNode = FALSE
	EndGlobalSection
	GlobalSection(ExtensibilityGlobals) = postSolution
		SolutionGuid = {47AC415D-FE32-445F-A4EF-F0BE0EB79C01}
	EndGlobalSection
EndGlobal
